# Generated by pub
# See https://dart.dev/tools/pub/glossary#lockfile
packages:
  _flutterfire_internals:
    dependency: transitive
    description:
      name: _flutterfire_internals
      sha256: f5628cd9c92ed11083f425fd1f8f1bc60ecdda458c81d73b143aeda036c35fe7
      url: "https://pub.dev"
    source: hosted
    version: "1.3.16"
  async:
    dependency: transitive
    description:
      name: async
      sha256: "947bfcf187f74dbc5e146c9eb9c0f10c9f8b30743e341481c1e2ed3ecc18c20c"
      url: "https://pub.dev"
    source: hosted
    version: "2.11.0"
  audio_wave:
    dependency: "direct main"
    description:
      name: audio_wave
      sha256: "9bf1ceec220cc52c80bc0ce6a3d8b9c20c69b86bce8ad83da758562bb58edde2"
      url: "https://pub.dev"
    source: hosted
    version: "0.1.5"
  boolean_selector:
    dependency: transitive
    description:
      name: boolean_selector
      sha256: "6cfb5af12253eaf2b368f07bacc5a80d1301a071c73360d746b7f2e32d762c66"
      url: "https://pub.dev"
    source: hosted
    version: "2.1.1"
  camera:
    dependency: "direct main"
    description:
      name: camera
      sha256: "9499cbc2e51d8eb0beadc158b288380037618ce4e30c9acbc4fae1ac3ecb5797"
      url: "https://pub.dev"
    source: hosted
    version: "0.10.5+9"
  camera_android:
    dependency: transitive
    description:
      name: camera_android
      sha256: "351429510121d179b9aac5a2e8cb525c3cd6c39f4d709c5f72dfb21726e52371"
      url: "https://pub.dev"
    source: hosted
    version: "0.10.8+16"
  camera_avfoundation:
    dependency: transitive
    description:
      name: camera_avfoundation
      sha256: "608b56b0880722f703871329c4d7d4c2f379c8e2936940851df7fc041abc6f51"
      url: "https://pub.dev"
    source: hosted
    version: "0.9.13+10"
  camera_platform_interface:
    dependency: transitive
    description:
      name: camera_platform_interface
      sha256: e971ebca970f7cfee396f76ef02070b5e441b4aa04942da9c108d725f57bbd32
      url: "https://pub.dev"
    source: hosted
    version: "2.7.2"
  camera_web:
    dependency: transitive
    description:
      name: camera_web
      sha256: f18ccfb33b2a7c49a52ad5aa3f07330b7422faaecbdfd9b9fe8e51182f6ad67d
      url: "https://pub.dev"
    source: hosted
    version: "0.3.2+4"
  characters:
    dependency: transitive
    description:
      name: characters
      sha256: "04a925763edad70e8443c99234dc3328f442e811f1d8fd1a72f1c8ad0f69a605"
      url: "https://pub.dev"
    source: hosted
    version: "1.3.0"
  clock:
    dependency: transitive
    description:
      name: clock
      sha256: cb6d7f03e1de671e34607e909a7213e31d7752be4fb66a86d29fe1eb14bfb5cf
      url: "https://pub.dev"
    source: hosted
    version: "1.1.1"
  cloud_firestore:
    dependency: "direct main"
    description:
      name: cloud_firestore
      sha256: "8bfbb5a2edbc6052452326d60de0113fea2bcbf081d34a3f8e45c8b38307b31c"
      url: "https://pub.dev"
    source: hosted
    version: "4.14.0"
  cloud_firestore_platform_interface:
    dependency: transitive
    description:
      name: cloud_firestore_platform_interface
      sha256: "73ff438fe46028f0e19f55da18b6ddc6906ab750562cd7d9ffab77ff8c0c4307"
      url: "https://pub.dev"
    source: hosted
    version: "6.1.0"
  cloud_firestore_web:
    dependency: transitive
    description:
      name: cloud_firestore_web
      sha256: "232e45e95970d3a6baab8f50f9c3a6e2838d145d9d91ec9a7392837c44296397"
      url: "https://pub.dev"
    source: hosted
    version: "3.9.0"
  collection:
    dependency: transitive
    description:
      name: collection
      sha256: a1ace0a119f20aabc852d165077c036cd864315bd99b7eaa10a60100341941bf
      url: "https://pub.dev"
    source: hosted
    version: "1.19.0"
  country_icons:
    dependency: "direct main"
    description:
      name: country_icons
      sha256: "836435012b42c7dcc6d585d1420ce2310d70396569ef70cf5d74c740919f7320"
      url: "https://pub.dev"
    source: hosted
    version: "2.0.2"
  country_picker:
    dependency: "direct main"
    description:
      name: country_picker
      sha256: c578292d7d3ec3132c6634f9c7aab96528f74d61fd363073d5f5a8562bede732
      url: "https://pub.dev"
    source: hosted
    version: "2.0.23"
  cross_file:
    dependency: transitive
    description:
      name: cross_file
      sha256: fedaadfa3a6996f75211d835aaeb8fede285dae94262485698afd832371b9a5e
      url: "https://pub.dev"
    source: hosted
    version: "0.3.3+8"
  cupertino_icons:
    dependency: "direct main"
    description:
      name: cupertino_icons
      sha256: d57953e10f9f8327ce64a508a355f0b1ec902193f66288e8cb5070e7c47eeb2d
      url: "https://pub.dev"
    source: hosted
    version: "1.0.6"
  fake_async:
    dependency: transitive
    description:
      name: fake_async
      sha256: "511392330127add0b769b75a987850d136345d9227c6b94c96a04cf4a391bf78"
      url: "https://pub.dev"
    source: hosted
    version: "1.3.1"
  firebase_analytics:
    dependency: "direct main"
    description:
      name: firebase_analytics
      sha256: "0240076090d77045d757aecb090616066d23b343840d4c21074094d6fe40a184"
      url: "https://pub.dev"
    source: hosted
    version: "10.8.0"
  firebase_analytics_platform_interface:
    dependency: transitive
    description:
      name: firebase_analytics_platform_interface
      sha256: "6d9baa077d16b47ef5f19d982c4fc475597991aa53b0c601216faa3e1cdab45f"
      url: "https://pub.dev"
    source: hosted
    version: "3.9.0"
  firebase_analytics_web:
    dependency: transitive
    description:
      name: firebase_analytics_web
      sha256: "89a740249bce9d52a99db4e501be6087ca6749c73c47cff2b174802be10abd81"
      url: "https://pub.dev"
    source: hosted
    version: "0.5.5+12"
  firebase_auth:
    dependency: "direct main"
    description:
      name: firebase_auth
      sha256: "279b2773ff61afd9763202cb5582e2b995ee57419d826b9af6517302a59b672f"
      url: "https://pub.dev"
    source: hosted
    version: "4.16.0"
  firebase_auth_platform_interface:
    dependency: transitive
    description:
      name: firebase_auth_platform_interface
      sha256: "3c9cfaccb7549492edf5b0c67c6dd1c6727c7830891aa6727f2fb225f0226626"
      url: "https://pub.dev"
    source: hosted
    version: "7.0.9"
  firebase_auth_web:
    dependency: transitive
    description:
      name: firebase_auth_web
      sha256: c7b1379ccef7abf4b6816eede67a868c44142198e42350f51c01d8fc03f95a7d
      url: "https://pub.dev"
    source: hosted
    version: "5.8.13"
  firebase_core:
    dependency: "direct main"
    description:
      name: firebase_core
      sha256: "96607c0e829a581c2a483c658f04e8b159964c3bae2730f73297070bc85d40bb"
      url: "https://pub.dev"
    source: hosted
    version: "2.24.2"
  firebase_core_platform_interface:
    dependency: transitive
    description:
      name: firebase_core_platform_interface
      sha256: c437ae5d17e6b5cc7981cf6fd458a5db4d12979905f9aafd1fea930428a9fe63
      url: "https://pub.dev"
    source: hosted
    version: "5.0.0"
  firebase_core_web:
    dependency: transitive
    description:
      name: firebase_core_web
      sha256: d585bdf3c656c3f7821ba1bd44da5f13365d22fcecaf5eb75c4295246aaa83c0
      url: "https://pub.dev"
    source: hosted
    version: "2.10.0"
  firebase_storage:
    dependency: "direct main"
    description:
      name: firebase_storage
      sha256: "75e6cb6bed65138b5bbd86bfd7cf9bc9a175fb0c31aacc400e9203df117ffbe6"
      url: "https://pub.dev"
    source: hosted
    version: "11.6.0"
  firebase_storage_platform_interface:
    dependency: transitive
    description:
      name: firebase_storage_platform_interface
      sha256: "545a3a8edf337850403bb0fa03c8074a53deb87c0107d19755c77a82ce07919e"
      url: "https://pub.dev"
    source: hosted
    version: "5.1.3"
  firebase_storage_web:
    dependency: transitive
    description:
      name: firebase_storage_web
      sha256: ee6870ff79aa304b8996ba18a4aefe1e8b3fc31fd385eab6574180267aa8d393
      url: "https://pub.dev"
    source: hosted
    version: "3.6.17"
  flutter:
    dependency: "direct main"
    description: flutter
    source: sdk
    version: "0.0.0"
  flutter_calendar_carousel:
    dependency: "direct main"
    description:
      name: flutter_calendar_carousel
      sha256: "8666447f3404d2db45a2523095cab053d4d15c4fd5438d4a893d96ea5637a3aa"
      url: "https://pub.dev"
    source: hosted
    version: "2.4.2"
  flutter_lints:
    dependency: "direct dev"
    description:
      name: flutter_lints
      sha256: a25a15ebbdfc33ab1cd26c63a6ee519df92338a9c10f122adda92938253bef04
      url: "https://pub.dev"
    source: hosted
    version: "2.0.3"
  flutter_pannable_rating_bar:
    dependency: "direct main"
    description:
      name: flutter_pannable_rating_bar
      sha256: a6ba1f474ccb23e1b0b7d0a0ec28bb31c088bad808fd207b536b3cb46cbcaf7a
      url: "https://pub.dev"
    source: hosted
    version: "2.7.2+1"
  flutter_plugin_android_lifecycle:
    dependency: transitive
    description:
      name: flutter_plugin_android_lifecycle
      sha256: b068ffc46f82a55844acfa4fdbb61fad72fa2aef0905548419d97f0f95c456da
      url: "https://pub.dev"
    source: hosted
    version: "2.0.17"
  flutter_spinkit:
    dependency: "direct main"
    description:
      name: flutter_spinkit
      sha256: b39c753e909d4796906c5696a14daf33639a76e017136c8d82bf3e620ce5bb8e
      url: "https://pub.dev"
    source: hosted
    version: "5.2.0"
  flutter_test:
    dependency: "direct dev"
    description: flutter
    source: sdk
    version: "0.0.0"
  flutter_web_plugins:
    dependency: transitive
    description: flutter
    source: sdk
    version: "0.0.0"
  http:
    dependency: transitive
    description:
      name: http
      sha256: d4872660c46d929f6b8a9ef4e7a7eff7e49bbf0c4ec3f385ee32df5119175139
      url: "https://pub.dev"
    source: hosted
    version: "1.1.2"
  http_parser:
    dependency: transitive
    description:
      name: http_parser
      sha256: "2aa08ce0341cc9b354a498388e30986515406668dbcc4f7c950c3e715496693b"
      url: "https://pub.dev"
    source: hosted
    version: "4.0.2"
  intl:
    dependency: transitive
    description:
      name: intl
      sha256: "3bc132a9dbce73a7e4a21a17d06e1878839ffbf975568bc875c60537824b0c4d"
      url: "https://pub.dev"
    source: hosted
    version: "0.18.1"
  js:
    dependency: transitive
    description:
      name: js
      sha256: f2c445dce49627136094980615a031419f7f3eb393237e4ecd97ac15dea343f3
      url: "https://pub.dev"
    source: hosted
    version: "0.6.7"
  json_annotation:
    dependency: transitive
    description:
      name: json_annotation
      sha256: b10a7b2ff83d83c777edba3c6a0f97045ddadd56c944e1a23a3fdf43a1bf4467
      url: "https://pub.dev"
    source: hosted
    version: "4.8.1"
  leak_tracker:
    dependency: transitive
    description:
      name: leak_tracker
      sha256: "7bb2830ebd849694d1ec25bf1f44582d6ac531a57a365a803a6034ff751d2d06"
      url: "https://pub.dev"
    source: hosted
    version: "10.0.7"
  leak_tracker_flutter_testing:
    dependency: transitive
    description:
      name: leak_tracker_flutter_testing
      sha256: "9491a714cca3667b60b5c420da8217e6de0d1ba7a5ec322fab01758f6998f379"
      url: "https://pub.dev"
    source: hosted
    version: "3.0.8"
  leak_tracker_testing:
    dependency: transitive
    description:
      name: leak_tracker_testing
      sha256: "6ba465d5d76e67ddf503e1161d1f4a6bc42306f9d66ca1e8f079a47290fb06d3"
      url: "https://pub.dev"
    source: hosted
    version: "3.0.1"
  lints:
    dependency: transitive
    description:
      name: lints
      sha256: "0a217c6c989d21039f1498c3ed9f3ed71b354e69873f13a8dfc3c9fe76f1b452"
      url: "https://pub.dev"
    source: hosted
    version: "2.1.1"
  matcher:
    dependency: transitive
    description:
      name: matcher
      sha256: d2323aa2060500f906aa31a895b4030b6da3ebdcc5619d14ce1aada65cd161cb
      url: "https://pub.dev"
    source: hosted
    version: "0.12.16+1"
  material_color_utilities:
    dependency: transitive
    description:
      name: material_color_utilities
      sha256: f7142bb1154231d7ea5f96bc7bde4bda2a0945d2806bb11670e30b850d56bdec
      url: "https://pub.dev"
    source: hosted
    version: "0.11.1"
  meta:
    dependency: transitive
    description:
      name: meta
      sha256: bdb68674043280c3428e9ec998512fb681678676b3c54e773629ffe74419f8c7
      url: "https://pub.dev"
    source: hosted
    version: "1.15.0"
  path:
    dependency: transitive
    description:
      name: path
      sha256: "087ce49c3f0dc39180befefc60fdb4acd8f8620e5682fe2476afd0b3688bb4af"
      url: "https://pub.dev"
    source: hosted
    version: "1.9.0"
  pedantic:
    dependency: transitive
    description:
      name: pedantic
      sha256: "67fc27ed9639506c856c840ccce7594d0bdcd91bc8d53d6e52359449a1d50602"
      url: "https://pub.dev"
    source: hosted
    version: "1.11.1"
  permission_handler:
    dependency: "direct main"
    description:
      name: permission_handler
      sha256: "45ff3fbcb99040fde55c528d5e3e6ca29171298a85436274d49c6201002087d6"
      url: "https://pub.dev"
    source: hosted
    version: "11.2.0"
  permission_handler_android:
    dependency: transitive
    description:
      name: permission_handler_android
      sha256: "758284a0976772f9c744d6384fc5dc4834aa61e3f7aa40492927f244767374eb"
      url: "https://pub.dev"
    source: hosted
    version: "12.0.3"
  permission_handler_apple:
    dependency: transitive
    description:
      name: permission_handler_apple
      sha256: c6bf440f80acd2a873d3d91a699e4cc770f86e7e6b576dda98759e8b92b39830
      url: "https://pub.dev"
    source: hosted
    version: "9.3.0"
  permission_handler_html:
    dependency: transitive
    description:
      name: permission_handler_html
      sha256: "54bf176b90f6eddd4ece307e2c06cf977fb3973719c35a93b85cc7093eb6070d"
      url: "https://pub.dev"
    source: hosted
    version: "0.1.1"
  permission_handler_platform_interface:
    dependency: transitive
    description:
      name: permission_handler_platform_interface
      sha256: "5c43148f2bfb6d14c5a8162c0a712afe891f2d847f35fcff29c406b37da43c3c"
      url: "https://pub.dev"
    source: hosted
    version: "4.1.0"
  permission_handler_windows:
    dependency: transitive
    description:
      name: permission_handler_windows
      sha256: "1a790728016f79a41216d88672dbc5df30e686e811ad4e698bfc51f76ad91f1e"
      url: "https://pub.dev"
    source: hosted
    version: "0.2.1"
  plugin_platform_interface:
    dependency: transitive
    description:
      name: plugin_platform_interface
      sha256: "4820fbfdb9478b1ebae27888254d445073732dae3d6ea81f0b7e06d5dedc3f02"
      url: "https://pub.dev"
    source: hosted
    version: "2.1.8"
  simple_gesture_detector:
    dependency: transitive
    description:
      name: simple_gesture_detector
      sha256: "86d08f85f1f58583b7b4b941d989f48ea6ce08c1724a1d10954a277c2ec36592"
      url: "https://pub.dev"
    source: hosted
    version: "0.2.0"
  sky_engine:
    dependency: transitive
    description: flutter
    source: sdk
    version: "0.0.0"
  source_span:
    dependency: transitive
    description:
      name: source_span
      sha256: "53e943d4206a5e30df338fd4c6e7a077e02254531b138a15aec3bd143c1a8b3c"
      url: "https://pub.dev"
    source: hosted
    version: "1.10.0"
  speech_to_text:
    dependency: "direct main"
    description:
      name: speech_to_text
      sha256: e2c2667088a9800ffb504dbb34997314e3cae2f92ad5ed76c49124fb1bc6edac
      url: "https://pub.dev"
    source: hosted
    version: "6.5.1"
  speech_to_text_macos:
    dependency: transitive
    description:
      name: speech_to_text_macos
      sha256: "6b5575e5a8346be1779838b0a482c259474965b5943668830b479147a75b5bfc"
      url: "https://pub.dev"
    source: hosted
    version: "1.0.2"
  speech_to_text_platform_interface:
    dependency: transitive
    description:
      name: speech_to_text_platform_interface
      sha256: "2ef9c0abf3b4340998fcb489afc4fc8cd7574eff21d912673be59b60ff16850c"
      url: "https://pub.dev"
    source: hosted
    version: "2.1.0"
  stack_trace:
    dependency: transitive
    description:
      name: stack_trace
      sha256: "9f47fd3630d76be3ab26f0ee06d213679aa425996925ff3feffdec504931c377"
      url: "https://pub.dev"
    source: hosted
    version: "1.12.0"
  stream_channel:
    dependency: transitive
    description:
      name: stream_channel
      sha256: ba2aa5d8cc609d96bbb2899c28934f9e1af5cddbd60a827822ea467161eb54e7
      url: "https://pub.dev"
    source: hosted
    version: "2.1.2"
  stream_transform:
    dependency: transitive
    description:
      name: stream_transform
      sha256: "14a00e794c7c11aa145a170587321aedce29769c08d7f58b1d141da75e3b1c6f"
      url: "https://pub.dev"
    source: hosted
    version: "2.1.0"
  string_scanner:
    dependency: transitive
    description:
      name: string_scanner
      sha256: "688af5ed3402a4bde5b3a6c15fd768dbf2621a614950b17f04626c431ab3c4c3"
      url: "https://pub.dev"
    source: hosted
    version: "1.3.0"
  table_calendar:
    dependency: "direct main"
    description:
      name: table_calendar
      sha256: "1e3521a3e6d3fc7f645a58b135ab663d458ab12504f1ea7f9b4b81d47086c478"
      url: "https://pub.dev"
    source: hosted
    version: "3.0.9"
  term_glyph:
    dependency: transitive
    description:
      name: term_glyph
      sha256: a29248a84fbb7c79282b40b8c72a1209db169a2e0542bce341da992fe1bc7e84
      url: "https://pub.dev"
    source: hosted
    version: "1.2.1"
  test_api:
    dependency: transitive
    description:
      name: test_api
      sha256: "664d3a9a64782fcdeb83ce9c6b39e78fd2971d4e37827b9b06c3aa1edc5e760c"
      url: "https://pub.dev"
    source: hosted
    version: "0.7.3"
  typed_data:
    dependency: transitive
    description:
      name: typed_data
      sha256: facc8d6582f16042dd49f2463ff1bd6e2c9ef9f3d5da3d9b087e244a7b564b3c
      url: "https://pub.dev"
    source: hosted
    version: "1.3.2"
  universal_io:
    dependency: transitive
    description:
      name: universal_io
      sha256: "1722b2dcc462b4b2f3ee7d188dad008b6eb4c40bbd03a3de451d82c78bba9aad"
      url: "https://pub.dev"
    source: hosted
    version: "2.2.2"
  url_launcher:
    dependency: "direct main"
    description:
      name: url_launcher
      sha256: d25bb0ca00432a5e1ee40e69c36c85863addf7cc45e433769d61bed3fe81fd96
      url: "https://pub.dev"
    source: hosted
    version: "6.2.3"
  url_launcher_android:
    dependency: transitive
    description:
      name: url_launcher_android
      sha256: "507dc655b1d9cb5ebc756032eb785f114e415f91557b73bf60b7e201dfedeb2f"
      url: "https://pub.dev"
    source: hosted
    version: "6.2.2"
  url_launcher_ios:
    dependency: transitive
    description:
      name: url_launcher_ios
      sha256: "75bb6fe3f60070407704282a2d295630cab232991eb52542b18347a8a941df03"
      url: "https://pub.dev"
    source: hosted
    version: "6.2.4"
  url_launcher_linux:
    dependency: transitive
    description:
      name: url_launcher_linux
      sha256: ab360eb661f8879369acac07b6bb3ff09d9471155357da8443fd5d3cf7363811
      url: "https://pub.dev"
    source: hosted
    version: "3.1.1"
  url_launcher_macos:
    dependency: transitive
    description:
      name: url_launcher_macos
      sha256: b7244901ea3cf489c5335bdacda07264a6e960b1c1b1a9f91e4bc371d9e68234
      url: "https://pub.dev"
    source: hosted
    version: "3.1.0"
  url_launcher_platform_interface:
    dependency: transitive
    description:
      name: url_launcher_platform_interface
      sha256: a932c3a8082e118f80a475ce692fde89dc20fddb24c57360b96bc56f7035de1f
      url: "https://pub.dev"
    source: hosted
    version: "2.3.1"
  url_launcher_web:
    dependency: transitive
    description:
      name: url_launcher_web
      sha256: fff0932192afeedf63cdd50ecbb1bc825d31aed259f02bb8dba0f3b729a5e88b
      url: "https://pub.dev"
    source: hosted
    version: "2.2.3"
  url_launcher_windows:
    dependency: transitive
    description:
      name: url_launcher_windows
      sha256: ecf9725510600aa2bb6d7ddabe16357691b6d2805f66216a97d1b881e21beff7
      url: "https://pub.dev"
    source: hosted
    version: "3.1.1"
  vector_math:
    dependency: transitive
    description:
      name: vector_math
      sha256: "80b3257d1492ce4d091729e3a67a60407d227c27241d6927be0130c98e741803"
      url: "https://pub.dev"
    source: hosted
    version: "2.1.4"
  vm_service:
    dependency: transitive
    description:
      name: vm_service
      sha256: f6be3ed8bd01289b34d679c2b62226f63c0e69f9fd2e50a6b3c1c729a961041b
      url: "https://pub.dev"
    source: hosted
    version: "14.3.0"
  web:
    dependency: transitive
    description:
      name: web
      sha256: afe077240a270dcfd2aafe77602b4113645af95d0ad31128cc02bce5ac5d5152
      url: "https://pub.dev"
    source: hosted
    version: "0.3.0"
sdks:
  dart: ">=3.4.0 <4.0.0"
  flutter: ">=3.18.0-18.0.pre.54"
